{
    "_readme": [
        "This file locks the dependencies of your project to a known state",
        "Read more about it at https://getcomposer.org/doc/01-basic-usage.md#installing-dependencies",
        "This file is @generated automatically"
    ],
    "content-hash": "62c7b79edf869fb6f013ab0182c28201",
    "packages": [
        {
            "name": "braintree/braintree_php",
            "version": "4.2.0",
            "source": {
                "type": "git",
                "url": "https://github.com/braintree/braintree_php.git",
                "reference": "04b3f9e24dd375b5ddccb008439faba7ff8ab459"
            },
            "dist": {
                "type": "zip",
                "url": "https://api.github.com/repos/braintree/braintree_php/zipball/04b3f9e24dd375b5ddccb008439faba7ff8ab459",
                "reference": "04b3f9e24dd375b5ddccb008439faba7ff8ab459",
                "shasum": ""
            },
            "require": {
                "ext-curl": "*",
                "ext-dom": "*",
                "ext-hash": "*",
                "ext-openssl": "*",
                "ext-xmlwriter": "*",
                "php": ">=7.2.0"
            },
            "require-dev": {
                "phpunit/phpunit": "^7.5"
            },
            "type": "library",
            "autoload": {
                "psr-0": {
                    "Braintree": "lib/"
                },
                "psr-4": {
                    "Braintree\\": "lib/Braintree"
                }
            },
            "notification-url": "https://packagist.org/downloads/",
            "license": [
                "MIT"
            ],
            "authors": [
                {
                    "name": "Braintree",
                    "homepage": "https://www.braintreepayments.com"
                }
            ],
            "description": "Braintree PHP Client Library",
            "time": "2019-06-27T17:12:48+00:00"
        },
        {
            "name": "stripe/stripe-php",
            "version": "v6.39.2",
            "source": {
                "type": "git",
                "url": "https://github.com/stripe/stripe-php.git",
                "reference": "2e8cf31da233bd5e9c281f20447cbd4810c07e9e"
            },
            "dist": {
                "type": "zip",
                "url": "https://api.github.com/repos/stripe/stripe-php/zipball/2e8cf31da233bd5e9c281f20447cbd4810c07e9e",
                "reference": "2e8cf31da233bd5e9c281f20447cbd4810c07e9e",
                "shasum": ""
            },
            "require": {
                "ext-curl": "*",
                "ext-json": "*",
                "ext-mbstring": "*",
                "php": ">=5.4.0"
            },
            "require-dev": {
                "php-coveralls/php-coveralls": "1.*",
                "phpunit/phpunit": "~4.0",
                "squizlabs/php_codesniffer": "~2.0",
                "symfony/process": "~2.8"
            },
            "type": "library",
            "extra": {
                "branch-alias": {
                    "dev-master": "2.0-dev"
                }
            },
            "autoload": {
                "psr-4": {
                    "Stripe\\": "lib/"
                }
            },
            "notification-url": "https://packagist.org/downloads/",
            "license": [
                "MIT"
            ],
            "authors": [
                {
                    "name": "Stripe and contributors",
                    "homepage": "https://github.com/stripe/stripe-php/contributors"
                }
            ],
            "description": "Stripe PHP Library",
            "homepage": "https://stripe.com/",
            "keywords": [
                "api",
                "payment processing",
                "stripe"
            ],
            "time": "2019-06-26T17:10:28+00:00"
        }
    ],
    "packages-dev": [],
    "aliases": [],
    "minimum-stability": "stable",
    "stability-flags": [],
    "prefer-stable": false,
    "prefer-lowest": false,
    "platform": [],
    "platform-dev": []
}
